
Microsoft Visual Studio Solution File, Format Version 12.00
# Visual Studio Version 16
VisualStudioVersion = 16.0.31424.327
MinimumVisualStudioVersion = 10.0.40219.1
Project("{8BC9CEB8-8B4A-11D0-8D11-00A0C91BC942}") = "Monte-Carlo for Monthly Capped Sum", "Monte-Carlo for Monthly Capped Sum\Monte-Carlo for Monthly Capped Sum.vcxproj", "{DCD723B4-C180-48F7-A91D-E0CD0DC1DF03}"
EndProject
Global
	GlobalSection(SolutionConfigurationPlatforms) = preSolution
		Debug|x64 = Debug|x64
		Release|x64 = Release|x64
	EndGlobalSection
	GlobalSection(ProjectConfigurationPlatforms) = postSolution
		{DCD723B4-C180-48F7-A91D-E0CD0DC1DF03}.Debug|x64.ActiveCfg = Debug|x64
		{DCD723B4-C180-48F7-A91D-E0CD0DC1DF03}.Debug|x64.Build.0 = Debug|x64
		{DCD723B4-C180-48F7-A91D-E0CD0DC1DF03}.Release|x64.ActiveCfg = Release|x64
		{DCD723B4-C180-48F7-A91D-E0CD0DC1DF03}.Release|x64.Build.0 = Release|x64
	EndGlobalSection
	GlobalSection(SolutionProperties) = preSolution
		HideSolutionNode = FALSE
	EndGlobalSection
	GlobalSection(ExtensibilityGlobals) = postSolution
		SolutionGuid = {E9C383F3-59A0-44CD-8C6E-FB5DF59CCDA0}
	EndGlobalSection
EndGlobal
